
Microsoft Visual Studio Solution File, Format Version 12.00
# Visual Studio Version 16
VisualStudioVersion = 16.0.31019.35
MinimumVisualStudioVersion = 10.0.40219.1
Project("{9A19103F-16F7-4668-BE54-9A1E7A4F7556}") = "spisuciUPR", "spisuciUPR\spisuciUPR.csproj", "{01EB8551-0599-49AA-A281-057F8CAAEC42}"
EndProject
Project("{FAE04EC0-301F-11D3-BF4B-00C04F79EFBC}") = "zad2", "zad2\zad2.csproj", "{6D11DEF9-E565-4A7B-96C7-0BCFC58BA853}"
EndProject
Global
	GlobalSection(SolutionConfigurationPlatforms) = preSolution
		Debug|Any CPU = Debug|Any CPU
		Release|Any CPU = Release|Any CPU
	EndGlobalSection
	GlobalSection(ProjectConfigurationPlatforms) = postSolution
		{01EB8551-0599-49AA-A281-057F8CAAEC42}.Debug|Any CPU.ActiveCfg = Debug|Any CPU
		{01EB8551-0599-49AA-A281-057F8CAAEC42}.Debug|Any CPU.Build.0 = Debug|Any CPU
		{01EB8551-0599-49AA-A281-057F8CAAEC42}.Release|Any CPU.ActiveCfg = Release|Any CPU
		{01EB8551-0599-49AA-A281-057F8CAAEC42}.Release|Any CPU.Build.0 = Release|Any CPU
		{6D11DEF9-E565-4A7B-96C7-0BCFC58BA853}.Debug|Any CPU.ActiveCfg = Debug|Any CPU
		{6D11DEF9-E565-4A7B-96C7-0BCFC58BA853}.Debug|Any CPU.Build.0 = Debug|Any CPU
		{6D11DEF9-E565-4A7B-96C7-0BCFC58BA853}.Release|Any CPU.ActiveCfg = Release|Any CPU
		{6D11DEF9-E565-4A7B-96C7-0BCFC58BA853}.Release|Any CPU.Build.0 = Release|Any CPU
	EndGlobalSection
	GlobalSection(SolutionProperties) = preSolution
		HideSolutionNode = FALSE
	EndGlobalSection
	GlobalSection(ExtensibilityGlobals) = postSolution
		SolutionGuid = {459DE71D-2F22-478A-87BB-D25748CE1DA9}
	EndGlobalSection
EndGlobal
